
Microsoft Visual Studio Solution File, Format Version 12.00
# Visual Studio Version 17
VisualStudioVersion = 17.4.33213.308
MinimumVisualStudioVersion = 10.0.40219.1
Project("{FAE04EC0-301F-11D3-BF4B-00C04F79EFBC}") = "Open_When", "Open_When.csproj", "{A99EF932-9C03-4C1B-97FA-A095BC5DFF08}"
EndProject
Global
	GlobalSection(SolutionConfigurationPlatforms) = preSolution
		Debug|Any CPU = Debug|Any CPU
		Release|Any CPU = Release|Any CPU
	EndGlobalSection
	GlobalSection(ProjectConfigurationPlatforms) = postSolution
		{A99EF932-9C03-4C1B-97FA-A095BC5DFF08}.Debug|Any CPU.ActiveCfg = Debug|Any CPU
		{A99EF932-9C03-4C1B-97FA-A095BC5DFF08}.Debug|Any CPU.Build.0 = Debug|Any CPU
		{A99EF932-9C03-4C1B-97FA-A095BC5DFF08}.Release|Any CPU.ActiveCfg = Release|Any CPU
		{A99EF932-9C03-4C1B-97FA-A095BC5DFF08}.Release|Any CPU.Build.0 = Release|Any CPU
	EndGlobalSection
	GlobalSection(SolutionProperties) = preSolution
		HideSolutionNode = FALSE
	EndGlobalSection
	GlobalSection(ExtensibilityGlobals) = postSolution
		SolutionGuid = {18F7F95D-C434-4EA6-85D5-1DF9E73760EA}
	EndGlobalSection
EndGlobal
